// !$*UTF8*$!
{
	archiveVersion = 1;
	classes = {
	};
	objectVersion = 52;
	objects = {

/* Begin PBXBuildFile section */
		9E423AC625FDEC2900140C07 /* comic_swiftuiApp.swift in Sources */ = {isa = PBXBuildFile; fileRef = 9E423AC525FDEC2900140C07 /* comic_swiftuiApp.swift */; };
		9E423AC825FDEC2900140C07 /* ContentView.swift in Sources */ = {isa = PBXBuildFile; fileRef = 9E423AC725FDEC2900140C07 /* ContentView.swift */; };
		9E423ACA25FDEC2A00140C07 /* Assets.xcassets in Resources */ = {isa = PBXBuildFile; fileRef = 9E423AC925FDEC2A00140C07 /* Assets.xcassets */; };
		9E423ACD25FDEC2A00140C07 /* Preview Assets.xcassets in Resources */ = {isa = PBXBuildFile; fileRef = 9E423ACC25FDEC2A00140C07 /* Preview Assets.xcassets */; };
		9E423AD625FDF03600140C07 /* FetchSwift in Frameworks */ = {isa = PBXBuildFile; productRef = 9E423AD525FDF03600140C07 /* FetchSwift */; };
		9E423AD825FDF04300140C07 /* API.swift in Sources */ = {isa = PBXBuildFile; fileRef = 9E423AD725FDF04300140C07 /* API.swift */; };
		9EBFA42E25FE562F0099E39E /* Kingfisher in Frameworks */ = {isa = PBXBuildFile; productRef = 9EBFA42D25FE562F0099E39E /* Kingfisher */; };
		9EBFA43025FE5FFB0099E39E /* CatalogItemView.swift in Sources */ = {isa = PBXBuildFile; fileRef = 9EBFA42F25FE5FFB0099E39E /* CatalogItemView.swift */; };
/* End PBXBuildFile section */

/* Begin PBXFileReference section */
		9E423AC225FDEC2900140C07 /* comic-swiftui.app */ = {isa = PBXFileReference; explicitFileType = wrapper.application; includeInIndex = 0; path = "comic-swiftui.app"; sourceTree = BUILT_PRODUCTS_DIR; };
		9E423AC525FDEC2900140C07 /* comic_swiftuiApp.swift */ = {isa = PBXFileReference; lastKnownFileType = sourcecode.swift; path = comic_swiftuiApp.swift; sourceTree = "<group>"; };
		9E423AC725FDEC2900140C07 /* ContentView.swift */ = {isa = PBXFileReference; lastKnownFileType = sourcecode.swift; path = ContentView.swift; sourceTree = "<group>"; };
		9E423AC925FDEC2A00140C07 /* Assets.xcassets */ = {isa = PBXFileReference; lastKnownFileType = folder.assetcatalog; path = Assets.xcassets; sourceTree = "<group>"; };
		9E423ACC25FDEC2A00140C07 /* Preview Assets.xcassets */ = {isa = PBXFileReference; lastKnownFileType = folder.assetcatalog; path = "Preview Assets.xcassets"; sourceTree = "<group>"; };
		9E423ACE25FDEC2A00140C07 /* Info.plist */ = {isa = PBXFileReference; lastKnownFileType = text.plist.xml; path = Info.plist; sourceTree = "<group>"; };
		9E423AD725FDF04300140C07 /* API.swift */ = {isa = PBXFileReference; lastKnownFileType = sourcecode.swift; path = API.swift; sourceTree = "<group>"; };
		9EBFA42F25FE5FFB0099E39E /* CatalogItemView.swift */ = {isa = PBXFileReference; lastKnownFileType = sourcecode.swift; path = CatalogItemView.swift; sourceTree = "<group>"; };
/* End PBXFileReference section */

/* Begin PBXFrameworksBuildPhase section */
		9E423ABF25FDEC2900140C07 /* Frameworks */ = {
			isa = PBXFrameworksBuildPhase;
			buildActionMask = 2147483647;
			files = (
				9EBFA42E25FE562F0099E39E /* Kingfisher in Frameworks */,
				9E423AD625FDF03600140C07 /* FetchSwift in Frameworks */,
			);
			runOnlyForDeploymentPostprocessing = 0;
		};
/* End PBXFrameworksBuildPhase section */

/* Begin PBXGroup section */
		9E423AB925FDEC2900140C07 = {
			isa = PBXGroup;
			children = (
				9E423AC425FDEC2900140C07 /* comic-swiftui */,
				9E423AC325FDEC2900140C07 /* Products */,
			);
			sourceTree = "<group>";
		};
		9E423AC325FDEC2900140C07 /* Products */ = {
			isa = PBXGroup;
			children = (
				9E423AC225FDEC2900140C07 /* comic-swiftui.app */,
			);
			name = Products;
			sourceTree = "<group>";
		};
		9E423AC425FDEC2900140C07 /* comic-swiftui */ = {
			isa = PBXGroup;
			children = (
				9E423AC525FDEC2900140C07 /* comic_swiftuiApp.swift */,
				9E423AD725FDF04300140C07 /* API.swift */,
				9E423AC725FDEC2900140C07 /* ContentView.swift */,
				9EBFA42F25FE5FFB0099E39E /* CatalogItemView.swift */,
				9E423AC925FDEC2A00140C07 /* Assets.xcassets */,
				9E423ACE25FDEC2A00140C07 /* Info.plist */,
				9E423ACB25FDEC2A00140C07 /* Preview Content */,
			);
			path = "comic-swiftui";
			sourceTree = "<group>";
		};
		9E423ACB25FDEC2A00140C07 /* Preview Content */ = {
			isa = PBXGroup;
			children = (
				9E423ACC25FDEC2A00140C07 /* Preview Assets.xcassets */,
			);
			path = "Preview Content";
			sourceTree = "<group>";
		};
/* End PBXGroup section */

/* Begin PBXNativeTarget section */
		9E423AC125FDEC2900140C07 /* comic-swiftui */ = {
			isa = PBXNativeTarget;
			buildConfigurationList = 9E423AD125FDEC2A00140C07 /* Build configuration list for PBXNativeTarget "comic-swiftui" */;
			buildPhases = (
				9E423ABE25FDEC2900140C07 /* Sources */,
				9E423ABF25FDEC2900140C07 /* Frameworks */,
				9E423AC025FDEC2900140C07 /* Resources */,
			);
			buildRules = (
			);
			dependencies = (
			);
			name = "comic-swiftui";
			packageProductDependencies = (
				9E423AD525FDF03600140C07 /* FetchSwift */,
				9EBFA42D25FE562F0099E39E /* Kingfisher */,
			);
			productName = "comic-swiftui";
			productReference = 9E423AC225FDEC2900140C07 /* comic-swiftui.app */;
			productType = "com.apple.product-type.application";
		};
/* End PBXNativeTarget section */

/* Begin PBXProject section */
		9E423ABA25FDEC2900140C07 /* Project object */ = {
			isa = PBXProject;
			attributes = {
				LastSwiftUpdateCheck = 1250;
				LastUpgradeCheck = 1250;
				TargetAttributes = {
					9E423AC125FDEC2900140C07 = {
						CreatedOnToolsVersion = 12.5;
					};
				};
			};
			buildConfigurationList = 9E423ABD25FDEC2900140C07 /* Build configuration list for PBXProject "comic-swiftui" */;
			compatibilityVersion = "Xcode 9.3";
			developmentRegion = en;
			hasScannedForEncodings = 0;
			knownRegions = (
				en,
				Base,
			);
			mainGroup = 9E423AB925FDEC2900140C07;
			packageReferences = (
				9E423AD425FDF03600140C07 /* XCRemoteSwiftPackageReference "FetchSwift" */,
				9EBFA42C25FE562F0099E39E /* XCRemoteSwiftPackageReference "Kingfisher" */,
			);
			productRefGroup = 9E423AC325FDEC2900140C07 /* Products */;
			projectDirPath = "";
			projectRoot = "";
			targets = (
				9E423AC125FDEC2900140C07 /* comic-swiftui */,
			);
		};
/* End PBXProject section */

/* Begin PBXResourcesBuildPhase section */
		9E423AC025FDEC2900140C07 /* Resources */ = {
			isa = PBXResourcesBuildPhase;
			buildActionMask = 2147483647;
			files = (
				9E423ACD25FDEC2A00140C07 /* Preview Assets.xcassets in Resources */,
				9E423ACA25FDEC2A00140C07 /* Assets.xcassets in Resources */,
			);
			runOnlyForDeploymentPostprocessing = 0;
		};
/* End PBXResourcesBuildPhase section */

/* Begin PBXSourcesBuildPhase section */
		9E423ABE25FDEC2900140C07 /* Sources */ = {
			isa = PBXSourcesBuildPhase;
			buildActionMask = 2147483647;
			files = (
				9E423AC825FDEC2900140C07 /* ContentView.swift in Sources */,
				9EBFA43025FE5FFB0099E39E /* CatalogItemView.swift in Sources */,
				9E423AD825FDF04300140C07 /* API.swift in Sources */,
				9E423AC625FDEC2900140C07 /* comic_swiftuiApp.swift in Sources */,
			);
			runOnlyForDeploymentPostprocessing = 0;
		};
/* End PBXSourcesBuildPhase section */

/* Begin XCBuildConfiguration section */
		9E423ACF25FDEC2A00140C07 /* Debug */ = {
			isa = XCBuildConfiguration;
			buildSettings = {
				ALWAYS_SEARCH_USER_PATHS = NO;
				CLANG_ANALYZER_NONNULL = YES;
				CLANG_ANALYZER_NUMBER_OBJECT_CONVERSION = YES_AGGRESSIVE;
				CLANG_CXX_LANGUAGE_STANDARD = "gnu++14";
				CLANG_CXX_LIBRARY = "libc++";
				CLANG_ENABLE_MODULES = YES;
				CLANG_ENABLE_OBJC_ARC = YES;
				CLANG_ENABLE_OBJC_WEAK = YES;
				CLANG_WARN_BLOCK_CAPTURE_AUTORELEASING = YES;
				CLANG_WARN_BOOL_CONVERSION = YES;
				CLANG_WARN_COMMA = YES;
				CLANG_WARN_CONSTANT_CONVERSION = YES;
				CLANG_WARN_DEPRECATED_OBJC_IMPLEMENTATIONS = YES;
				CLANG_WARN_DIRECT_OBJC_ISA_USAGE = YES_ERROR;
				CLANG_WARN_DOCUMENTATION_COMMENTS = YES;
				CLANG_WARN_EMPTY_BODY = YES;
				CLANG_WARN_ENUM_CONVERSION = YES;
				CLANG_WARN_INFINITE_RECURSION = YES;
				CLANG_WARN_INT_CONVERSION = YES;
				CLANG_WARN_NON_LITERAL_NULL_CONVERSION = YES;
				CLANG_WARN_OBJC_IMPLICIT_RETAIN_SELF = YES;
				CLANG_WARN_OBJC_LITERAL_CONVERSION = YES;
				CLANG_WARN_OBJC_ROOT_CLASS = YES_ERROR;
				CLANG_WARN_QUOTED_INCLUDE_IN_FRAMEWORK_HEADER = YES;
				CLANG_WARN_RANGE_LOOP_ANALYSIS = YES;
				CLANG_WARN_STRICT_PROTOTYPES = YES;
				CLANG_WARN_SUSPICIOUS_MOVE = YES;
				CLANG_WARN_UNGUARDED_AVAILABILITY = YES_AGGRESSIVE;
				CLANG_WARN_UNREACHABLE_CODE = YES;
				CLANG_WARN__DUPLICATE_METHOD_MATCH = YES;
				COPY_PHASE_STRIP = NO;
				DEBUG_INFORMATION_FORMAT = dwarf;
				ENABLE_STRICT_OBJC_MSGSEND = YES;
				ENABLE_TESTABILITY = YES;
				GCC_C_LANGUAGE_STANDARD = gnu11;
				GCC_DYNAMIC_NO_PIC = NO;
				GCC_NO_COMMON_BLOCKS = YES;
				GCC_OPTIMIZATION_LEVEL = 0;
				GCC_PREPROCESSOR_DEFINITIONS = (
					"DEBUG=1",
					"$(inherited)",
				);
				GCC_WARN_64_TO_32_BIT_CONVERSION = YES;
				GCC_WARN_ABOUT_RETURN_TYPE = YES_ERROR;
				GCC_WARN_UNDECLARED_SELECTOR = YES;
				GCC_WARN_UNINITIALIZED_AUTOS = YES_AGGRESSIVE;
				GCC_WARN_UNUSED_FUNCTION = YES;
				GCC_WARN_UNUSED_VARIABLE = YES;
				IPHONEOS_DEPLOYMENT_TARGET = 14.5;
				MTL_ENABLE_DEBUG_INFO = INCLUDE_SOURCE;
				MTL_FAST_MATH = YES;
				ONLY_ACTIVE_ARCH = YES;
				SDKROOT = iphoneos;
				SWIFT_ACTIVE_COMPILATION_CONDITIONS = DEBUG;
				SWIFT_OPTIMIZATION_LEVEL = "-Onone";
			};
			name = Debug;
		};
		9E423AD025FDEC2A00140C07 /* Release */ = {
			isa = XCBuildConfiguration;
			buildSettings = {
				ALWAYS_SEARCH_USER_PATHS = NO;
				CLANG_ANALYZER_NONNULL = YES;
				CLANG_ANALYZER_NUMBER_OBJECT_CONVERSION = YES_AGGRESSIVE;
				CLANG_CXX_LANGUAGE_STANDARD = "gnu++14";
				CLANG_CXX_LIBRARY = "libc++";
				CLANG_ENABLE_MODULES = YES;
				CLANG_ENABLE_OBJC_ARC = YES;
				CLANG_ENABLE_OBJC_WEAK = YES;
				CLANG_WARN_BLOCK_CAPTURE_AUTORELEASING = YES;
				CLANG_WARN_BOOL_CONVERSION = YES;
				CLANG_WARN_COMMA = YES;
				CLANG_WARN_CONSTANT_CONVERSION = YES;
				CLANG_WARN_DEPRECATED_OBJC_IMPLEMENTATIONS = YES;
				CLANG_WARN_DIRECT_OBJC_ISA_USAGE = YES_ERROR;
				CLANG_WARN_DOCUMENTATION_COMMENTS = YES;
				CLANG_WARN_EMPTY_BODY = YES;
				CLANG_WARN_ENUM_CONVERSION = YES;
				CLANG_WARN_INFINITE_RECURSION = YES;
				CLANG_WARN_INT_CONVERSION = YES;
				CLANG_WARN_NON_LITERAL_NULL_CONVERSION = YES;
				CLANG_WARN_OBJC_IMPLICIT_RETAIN_SELF = YES;
				CLANG_WARN_OBJC_LITERAL_CONVERSION = YES;
				CLANG_WARN_OBJC_ROOT_CLASS = YES_ERROR;
				CLANG_WARN_QUOTED_INCLUDE_IN_FRAMEWORK_HEADER = YES;
				CLANG_WARN_RANGE_LOOP_ANALYSIS = YES;
				CLANG_WARN_STRICT_PROTOTYPES = YES;
				CLANG_WARN_SUSPICIOUS_MOVE = YES;
				CLANG_WARN_UNGUARDED_AVAILABILITY = YES_AGGRESSIVE;
				CLANG_WARN_UNREACHABLE_CODE = YES;
				CLANG_WARN__DUPLICATE_METHOD_MATCH = YES;
				COPY_PHASE_STRIP = NO;
				DEBUG_INFORMATION_FORMAT = "dwarf-with-dsym";
				ENABLE_NS_ASSERTIONS = NO;
				ENABLE_STRICT_OBJC_MSGSEND = YES;
				GCC_C_LANGUAGE_STANDARD = gnu11;
				GCC_NO_COMMON_BLOCKS = YES;
				GCC_WARN_64_TO_32_BIT_CONVERSION = YES;
				GCC_WARN_ABOUT_RETURN_TYPE = YES_ERROR;
				GCC_WARN_UNDECLARED_SELECTOR = YES;
				GCC_WARN_UNINITIALIZED_AUTOS = YES_AGGRESSIVE;
				GCC_WARN_UNUSED_FUNCTION = YES;
				GCC_WARN_UNUSED_VARIABLE = YES;
				IPHONEOS_DEPLOYMENT_TARGET = 14.5;
				MTL_ENABLE_DEBUG_INFO = NO;
				MTL_FAST_MATH = YES;
				SDKROOT = iphoneos;
				SWIFT_COMPILATION_MODE = wholemodule;
				SWIFT_OPTIMIZATION_LEVEL = "-O";
				VALIDATE_PRODUCT = YES;
			};
			name = Release;
		};
		9E423AD225FDEC2A00140C07 /* Debug */ = {
			isa = XCBuildConfiguration;
			buildSettings = {
				ASSETCATALOG_COMPILER_APPICON_NAME = AppIcon;
				ASSETCATALOG_COMPILER_GLOBAL_ACCENT_COLOR_NAME = AccentColor;
				CODE_SIGN_STYLE = Automatic;
				DEVELOPMENT_ASSET_PATHS = "\"comic-swiftui/Preview Content\"";
				ENABLE_PREVIEWS = YES;
				INFOPLIST_FILE = "comic-swiftui/Info.plist";
				IPHONEOS_DEPLOYMENT_TARGET = 14.0;
				LD_RUNPATH_SEARCH_PATHS = (
					"$(inherited)",
					"@executable_path/Frameworks",
				);
				PRODUCT_BUNDLE_IDENTIFIER = "com.lova.comic-swiftui";
				PRODUCT_NAME = "$(TARGET_NAME)";
				SWIFT_VERSION = 5.0;
				TARGETED_DEVICE_FAMILY = "1,2";
			};
			name = Debug;
		};
		9E423AD325FDEC2A00140C07 /* Release */ = {
			isa = XCBuildConfiguration;
			buildSettings = {
				ASSETCATALOG_COMPILER_APPICON_NAME = AppIcon;
				ASSETCATALOG_COMPILER_GLOBAL_ACCENT_COLOR_NAME = AccentColor;
				CODE_SIGN_STYLE = Automatic;
				DEVELOPMENT_ASSET_PATHS = "\"comic-swiftui/Preview Content\"";
				ENABLE_PREVIEWS = YES;
				INFOPLIST_FILE = "comic-swiftui/Info.plist";
				IPHONEOS_DEPLOYMENT_TARGET = 14.0;
				LD_RUNPATH_SEARCH_PATHS = (
					"$(inherited)",
					"@executable_path/Frameworks",
				);
				PRODUCT_BUNDLE_IDENTIFIER = "com.lova.comic-swiftui";
				PRODUCT_NAME = "$(TARGET_NAME)";
				SWIFT_VERSION = 5.0;
				TARGETED_DEVICE_FAMILY = "1,2";
			};
			name = Release;
		};
/* End XCBuildConfiguration section */

/* Begin XCConfigurationList section */
		9E423ABD25FDEC2900140C07 /* Build configuration list for PBXProject "comic-swiftui" */ = {
			isa = XCConfigurationList;
			buildConfigurations = (
				9E423ACF25FDEC2A00140C07 /* Debug */,
				9E423AD025FDEC2A00140C07 /* Release */,
			);
			defaultConfigurationIsVisible = 0;
			defaultConfigurationName = Release;
		};
		9E423AD125FDEC2A00140C07 /* Build configuration list for PBXNativeTarget "comic-swiftui" */ = {
			isa = XCConfigurationList;
			buildConfigurations = (
				9E423AD225FDEC2A00140C07 /* Debug */,
				9E423AD325FDEC2A00140C07 /* Release */,
			);
			defaultConfigurationIsVisible = 0;
			defaultConfigurationName = Release;
		};
/* End XCConfigurationList section */

/* Begin XCRemoteSwiftPackageReference section */
		9E423AD425FDF03600140C07 /* XCRemoteSwiftPackageReference "FetchSwift" */ = {
			isa = XCRemoteSwiftPackageReference;
			repositoryURL = "git@github.com:vivalalova/FetchSwift.git";
			requirement = {
				kind = upToNextMajorVersion;
				minimumVersion = 1.0.3;
			};
		};
		9EBFA42C25FE562F0099E39E /* XCRemoteSwiftPackageReference "Kingfisher" */ = {
			isa = XCRemoteSwiftPackageReference;
			repositoryURL = "git@github.com:onevcat/Kingfisher.git";
			requirement = {
				kind = upToNextMajorVersion;
				minimumVersion = 6.2.1;
			};
		};
/* End XCRemoteSwiftPackageReference section */

/* Begin XCSwiftPackageProductDependency section */
		9E423AD525FDF03600140C07 /* FetchSwift */ = {
			isa = XCSwiftPackageProductDependency;
			package = 9E423AD425FDF03600140C07 /* XCRemoteSwiftPackageReference "FetchSwift" */;
			productName = FetchSwift;
		};
		9EBFA42D25FE562F0099E39E /* Kingfisher */ = {
			isa = XCSwiftPackageProductDependency;
			package = 9EBFA42C25FE562F0099E39E /* XCRemoteSwiftPackageReference "Kingfisher" */;
			productName = Kingfisher;
		};
/* End XCSwiftPackageProductDependency section */
	};
	rootObject = 9E423ABA25FDEC2900140C07 /* Project object */;
}
